
Microsoft Visual Studio Solution File, Format Version 12.00
# Visual Studio Version 16
VisualStudioVersion = 16.0.31205.134
MinimumVisualStudioVersion = 10.0.40219.1
Project("{FAE04EC0-301F-11D3-BF4B-00C04F79EFBC}") = "AspInlamning1", "AspInlamning1\AspInlamning1.csproj", "{71BBBC82-2172-46E9-AC86-98EDB6B67FE4}"
EndProject
Global
	GlobalSection(SolutionConfigurationPlatforms) = preSolution
		Debug|Any CPU = Debug|Any CPU
		Release|Any CPU = Release|Any CPU
	EndGlobalSection
	GlobalSection(ProjectConfigurationPlatforms) = postSolution
		{71BBBC82-2172-46E9-AC86-98EDB6B67FE4}.Debug|Any CPU.ActiveCfg = Debug|Any CPU
		{71BBBC82-2172-46E9-AC86-98EDB6B67FE4}.Debug|Any CPU.Build.0 = Debug|Any CPU
		{71BBBC82-2172-46E9-AC86-98EDB6B67FE4}.Release|Any CPU.ActiveCfg = Release|Any CPU
		{71BBBC82-2172-46E9-AC86-98EDB6B67FE4}.Release|Any CPU.Build.0 = Release|Any CPU
	EndGlobalSection
	GlobalSection(SolutionProperties) = preSolution
		HideSolutionNode = FALSE
	EndGlobalSection
	GlobalSection(ExtensibilityGlobals) = postSolution
		SolutionGuid = {31AB6720-F22A-421E-81BE-ECAB04A262F9}
	EndGlobalSection
EndGlobal
